// !$*UTF8*$!
{
	archiveVersion = 1;
	classes = {
	};
	objectVersion = 46;
	objects = {

/* Begin PBXBuildFile section */
		9C5F0CE61C7D408900C8F59E /* main.m in Sources */ = {isa = PBXBuildFile; fileRef = 9C5F0CE51C7D408900C8F59E /* main.m */; };
		9C5F0CE91C7D408900C8F59E /* AppDelegate.m in Sources */ = {isa = PBXBuildFile; fileRef = 9C5F0CE81C7D408900C8F59E /* AppDelegate.m */; };
		9C5F0CEF1C7D408900C8F59E /* Main.storyboard in Resources */ = {isa = PBXBuildFile; fileRef = 9C5F0CED1C7D408900C8F59E /* Main.storyboard */; };
		9C5F0CF11C7D408900C8F59E /* Assets.xcassets in Resources */ = {isa = PBXBuildFile; fileRef = 9C5F0CF01C7D408900C8F59E /* Assets.xcassets */; };
		9C5F0CF41C7D408900C8F59E /* LaunchScreen.storyboard in Resources */ = {isa = PBXBuildFile; fileRef = 9C5F0CF21C7D408900C8F59E /* LaunchScreen.storyboard */; };
		9C5F0CFD1C7D40A100C8F59E /* DownloadViewController.m in Sources */ = {isa = PBXBuildFile; fileRef = 9C5F0CFC1C7D40A100C8F59E /* DownloadViewController.m */; };
		9C5F0D001C7D40C000C8F59E /* DownloadQueueController.m in Sources */ = {isa = PBXBuildFile; fileRef = 9C5F0CFF1C7D40C000C8F59E /* DownloadQueueController.m */; };
		9C5F0D031C7D40D400C8F59E /* DownloadOperation.m in Sources */ = {isa = PBXBuildFile; fileRef = 9C5F0D021C7D40D400C8F59E /* DownloadOperation.m */; };
		9C5F0D061C7D436D00C8F59E /* MD5.m in Sources */ = {isa = PBXBuildFile; fileRef = 9C5F0D051C7D436D00C8F59E /* MD5.m */; };
		9CC284381C7EF8D700D76502 /* DownloadTableViewCell.m in Sources */ = {isa = PBXBuildFile; fileRef = 9CC284361C7EF8D700D76502 /* DownloadTableViewCell.m */; };
		9CC284391C7EF8D700D76502 /* DownloadTableViewCell.xib in Resources */ = {isa = PBXBuildFile; fileRef = 9CC284371C7EF8D700D76502 /* DownloadTableViewCell.xib */; };
		9CC2843C1C7FF39400D76502 /* ViewController.m in Sources */ = {isa = PBXBuildFile; fileRef = 9CC2843B1C7FF39400D76502 /* ViewController.m */; };
/* End PBXBuildFile section */

/* Begin PBXFileReference section */
		9C5F0CE11C7D408900C8F59E /* DownloadViewController.app */ = {isa = PBXFileReference; explicitFileType = wrapper.application; includeInIndex = 0; path = DownloadViewController.app; sourceTree = BUILT_PRODUCTS_DIR; };
		9C5F0CE51C7D408900C8F59E /* main.m */ = {isa = PBXFileReference; lastKnownFileType = sourcecode.c.objc; path = main.m; sourceTree = "<group>"; };
		9C5F0CE71C7D408900C8F59E /* AppDelegate.h */ = {isa = PBXFileReference; lastKnownFileType = sourcecode.c.h; path = AppDelegate.h; sourceTree = "<group>"; };
		9C5F0CE81C7D408900C8F59E /* AppDelegate.m */ = {isa = PBXFileReference; lastKnownFileType = sourcecode.c.objc; path = AppDelegate.m; sourceTree = "<group>"; };
		9C5F0CEE1C7D408900C8F59E /* Base */ = {isa = PBXFileReference; lastKnownFileType = file.storyboard; name = Base; path = Base.lproj/Main.storyboard; sourceTree = "<group>"; };
		9C5F0CF01C7D408900C8F59E /* Assets.xcassets */ = {isa = PBXFileReference; lastKnownFileType = folder.assetcatalog; path = Assets.xcassets; sourceTree = "<group>"; };
		9C5F0CF31C7D408900C8F59E /* Base */ = {isa = PBXFileReference; lastKnownFileType = file.storyboard; name = Base; path = Base.lproj/LaunchScreen.storyboard; sourceTree = "<group>"; };
		9C5F0CF51C7D408900C8F59E /* Info.plist */ = {isa = PBXFileReference; lastKnownFileType = text.plist.xml; path = Info.plist; sourceTree = "<group>"; };
		9C5F0CFB1C7D40A100C8F59E /* DownloadViewController.h */ = {isa = PBXFileReference; fileEncoding = 4; lastKnownFileType = sourcecode.c.h; path = DownloadViewController.h; sourceTree = "<group>"; };
		9C5F0CFC1C7D40A100C8F59E /* DownloadViewController.m */ = {isa = PBXFileReference; fileEncoding = 4; lastKnownFileType = sourcecode.c.objc; path = DownloadViewController.m; sourceTree = "<group>"; };
		9C5F0CFE1C7D40C000C8F59E /* DownloadQueueController.h */ = {isa = PBXFileReference; fileEncoding = 4; lastKnownFileType = sourcecode.c.h; path = DownloadQueueController.h; sourceTree = "<group>"; };
		9C5F0CFF1C7D40C000C8F59E /* DownloadQueueController.m */ = {isa = PBXFileReference; fileEncoding = 4; lastKnownFileType = sourcecode.c.objc; path = DownloadQueueController.m; sourceTree = "<group>"; };
		9C5F0D011C7D40D400C8F59E /* DownloadOperation.h */ = {isa = PBXFileReference; fileEncoding = 4; lastKnownFileType = sourcecode.c.h; path = DownloadOperation.h; sourceTree = "<group>"; };
		9C5F0D021C7D40D400C8F59E /* DownloadOperation.m */ = {isa = PBXFileReference; fileEncoding = 4; lastKnownFileType = sourcecode.c.objc; path = DownloadOperation.m; sourceTree = "<group>"; };
		9C5F0D041C7D436D00C8F59E /* MD5.h */ = {isa = PBXFileReference; fileEncoding = 4; lastKnownFileType = sourcecode.c.h; path = MD5.h; sourceTree = "<group>"; };
		9C5F0D051C7D436D00C8F59E /* MD5.m */ = {isa = PBXFileReference; fileEncoding = 4; lastKnownFileType = sourcecode.c.objc; path = MD5.m; sourceTree = "<group>"; };
		9CC284351C7EF8D700D76502 /* DownloadTableViewCell.h */ = {isa = PBXFileReference; fileEncoding = 4; lastKnownFileType = sourcecode.c.h; path = DownloadTableViewCell.h; sourceTree = "<group>"; };
		9CC284361C7EF8D700D76502 /* DownloadTableViewCell.m */ = {isa = PBXFileReference; fileEncoding = 4; lastKnownFileType = sourcecode.c.objc; path = DownloadTableViewCell.m; sourceTree = "<group>"; };
		9CC284371C7EF8D700D76502 /* DownloadTableViewCell.xib */ = {isa = PBXFileReference; fileEncoding = 4; lastKnownFileType = file.xib; path = DownloadTableViewCell.xib; sourceTree = "<group>"; };
		9CC2843A1C7FF39400D76502 /* ViewController.h */ = {isa = PBXFileReference; fileEncoding = 4; lastKnownFileType = sourcecode.c.h; path = ViewController.h; sourceTree = "<group>"; };
		9CC2843B1C7FF39400D76502 /* ViewController.m */ = {isa = PBXFileReference; fileEncoding = 4; lastKnownFileType = sourcecode.c.objc; path = ViewController.m; sourceTree = "<group>"; };
/* End PBXFileReference section */

/* Begin PBXFrameworksBuildPhase section */
		9C5F0CDE1C7D408900C8F59E /* Frameworks */ = {
			isa = PBXFrameworksBuildPhase;
			buildActionMask = 2147483647;
			files = (
			);
			runOnlyForDeploymentPostprocessing = 0;
		};
/* End PBXFrameworksBuildPhase section */

/* Begin PBXGroup section */
		9C5B9B1D1C8039AC00C0381B /* m */ = {
			isa = PBXGroup;
			children = (
				9C5F0D011C7D40D400C8F59E /* DownloadOperation.h */,
				9C5F0D021C7D40D400C8F59E /* DownloadOperation.m */,
			);
			name = m;
			sourceTree = "<group>";
		};
		9C5B9B1E1C8039B400C0381B /* c */ = {
			isa = PBXGroup;
			children = (
				9C5F0CFE1C7D40C000C8F59E /* DownloadQueueController.h */,
				9C5F0CFF1C7D40C000C8F59E /* DownloadQueueController.m */,
			);
			name = c;
			sourceTree = "<group>";
		};
		9C5F0CD81C7D408900C8F59E = {
			isa = PBXGroup;
			children = (
				9C5F0CE31C7D408900C8F59E /* DownloadViewController */,
				9C5F0CE21C7D408900C8F59E /* Products */,
			);
			sourceTree = "<group>";
		};
		9C5F0CE21C7D408900C8F59E /* Products */ = {
			isa = PBXGroup;
			children = (
				9C5F0CE11C7D408900C8F59E /* DownloadViewController.app */,
			);
			name = Products;
			sourceTree = "<group>";
		};
		9C5F0CE31C7D408900C8F59E /* DownloadViewController */ = {
			isa = PBXGroup;
			children = (
				9C5B9B1E1C8039B400C0381B /* c */,
				9C5B9B1D1C8039AC00C0381B /* m */,
				9CC2843D1C8002EF00D76502 /* v */,
				9CC2843A1C7FF39400D76502 /* ViewController.h */,
				9CC2843B1C7FF39400D76502 /* ViewController.m */,
				9C5F0CED1C7D408900C8F59E /* Main.storyboard */,
				9C5F0D041C7D436D00C8F59E /* MD5.h */,
				9C5F0D051C7D436D00C8F59E /* MD5.m */,
				9C5F0CE71C7D408900C8F59E /* AppDelegate.h */,
				9C5F0CE81C7D408900C8F59E /* AppDelegate.m */,
				9C5F0CF01C7D408900C8F59E /* Assets.xcassets */,
				9C5F0CF21C7D408900C8F59E /* LaunchScreen.storyboard */,
				9C5F0CF51C7D408900C8F59E /* Info.plist */,
				9C5F0CE41C7D408900C8F59E /* Supporting Files */,
			);
			path = DownloadViewController;
			sourceTree = "<group>";
		};
		9C5F0CE41C7D408900C8F59E /* Supporting Files */ = {
			isa = PBXGroup;
			children = (
				9C5F0CE51C7D408900C8F59E /* main.m */,
			);
			name = "Supporting Files";
			sourceTree = "<group>";
		};
		9CC2843D1C8002EF00D76502 /* v */ = {
			isa = PBXGroup;
			children = (
				9C5F0CFB1C7D40A100C8F59E /* DownloadViewController.h */,
				9C5F0CFC1C7D40A100C8F59E /* DownloadViewController.m */,
				9CC284351C7EF8D700D76502 /* DownloadTableViewCell.h */,
				9CC284361C7EF8D700D76502 /* DownloadTableViewCell.m */,
				9CC284371C7EF8D700D76502 /* DownloadTableViewCell.xib */,
			);
			name = v;
			sourceTree = "<group>";
		};
/* End PBXGroup section */

/* Begin PBXNativeTarget section */
		9C5F0CE01C7D408900C8F59E /* DownloadViewController */ = {
			isa = PBXNativeTarget;
			buildConfigurationList = 9C5F0CF81C7D408900C8F59E /* Build configuration list for PBXNativeTarget "DownloadViewController" */;
			buildPhases = (
				9C5F0CDD1C7D408900C8F59E /* Sources */,
				9C5F0CDE1C7D408900C8F59E /* Frameworks */,
				9C5F0CDF1C7D408900C8F59E /* Resources */,
			);
			buildRules = (
			);
			dependencies = (
			);
			name = DownloadViewController;
			productName = DownloadViewController;
			productReference = 9C5F0CE11C7D408900C8F59E /* DownloadViewController.app */;
			productType = "com.apple.product-type.application";
		};
/* End PBXNativeTarget section */

/* Begin PBXProject section */
		9C5F0CD91C7D408900C8F59E /* Project object */ = {
			isa = PBXProject;
			attributes = {
				LastUpgradeCheck = 0720;
				ORGANIZATIONNAME = "李硕";
				TargetAttributes = {
					9C5F0CE01C7D408900C8F59E = {
						CreatedOnToolsVersion = 7.2.1;
					};
				};
			};
			buildConfigurationList = 9C5F0CDC1C7D408900C8F59E /* Build configuration list for PBXProject "DownloadViewController" */;
			compatibilityVersion = "Xcode 3.2";
			developmentRegion = English;
			hasScannedForEncodings = 0;
			knownRegions = (
				en,
				Base,
			);
			mainGroup = 9C5F0CD81C7D408900C8F59E;
			productRefGroup = 9C5F0CE21C7D408900C8F59E /* Products */;
			projectDirPath = "";
			projectRoot = "";
			targets = (
				9C5F0CE01C7D408900C8F59E /* DownloadViewController */,
			);
		};
/* End PBXProject section */

/* Begin PBXResourcesBuildPhase section */
		9C5F0CDF1C7D408900C8F59E /* Resources */ = {
			isa = PBXResourcesBuildPhase;
			buildActionMask = 2147483647;
			files = (
				9C5F0CF41C7D408900C8F59E /* LaunchScreen.storyboard in Resources */,
				9CC284391C7EF8D700D76502 /* DownloadTableViewCell.xib in Resources */,
				9C5F0CF11C7D408900C8F59E /* Assets.xcassets in Resources */,
				9C5F0CEF1C7D408900C8F59E /* Main.storyboard in Resources */,
			);
			runOnlyForDeploymentPostprocessing = 0;
		};
/* End PBXResourcesBuildPhase section */

/* Begin PBXSourcesBuildPhase section */
		9C5F0CDD1C7D408900C8F59E /* Sources */ = {
			isa = PBXSourcesBuildPhase;
			buildActionMask = 2147483647;
			files = (
				9C5F0D031C7D40D400C8F59E /* DownloadOperation.m in Sources */,
				9C5F0D061C7D436D00C8F59E /* MD5.m in Sources */,
				9CC2843C1C7FF39400D76502 /* ViewController.m in Sources */,
				9C5F0CE91C7D408900C8F59E /* AppDelegate.m in Sources */,
				9C5F0D001C7D40C000C8F59E /* DownloadQueueController.m in Sources */,
				9C5F0CFD1C7D40A100C8F59E /* DownloadViewController.m in Sources */,
				9CC284381C7EF8D700D76502 /* DownloadTableViewCell.m in Sources */,
				9C5F0CE61C7D408900C8F59E /* main.m in Sources */,
			);
			runOnlyForDeploymentPostprocessing = 0;
		};
/* End PBXSourcesBuildPhase section */

/* Begin PBXVariantGroup section */
		9C5F0CED1C7D408900C8F59E /* Main.storyboard */ = {
			isa = PBXVariantGroup;
			children = (
				9C5F0CEE1C7D408900C8F59E /* Base */,
			);
			name = Main.storyboard;
			sourceTree = "<group>";
		};
		9C5F0CF21C7D408900C8F59E /* LaunchScreen.storyboard */ = {
			isa = PBXVariantGroup;
			children = (
				9C5F0CF31C7D408900C8F59E /* Base */,
			);
			name = LaunchScreen.storyboard;
			sourceTree = "<group>";
		};
/* End PBXVariantGroup section */

/* Begin XCBuildConfiguration section */
		9C5F0CF61C7D408900C8F59E /* Debug */ = {
			isa = XCBuildConfiguration;
			buildSettings = {
				ALWAYS_SEARCH_USER_PATHS = NO;
				CLANG_CXX_LANGUAGE_STANDARD = "gnu++0x";
				CLANG_CXX_LIBRARY = "libc++";
				CLANG_ENABLE_MODULES = YES;
				CLANG_ENABLE_OBJC_ARC = YES;
				CLANG_WARN_BOOL_CONVERSION = YES;
				CLANG_WARN_CONSTANT_CONVERSION = YES;
				CLANG_WARN_DIRECT_OBJC_ISA_USAGE = YES_ERROR;
				CLANG_WARN_EMPTY_BODY = YES;
				CLANG_WARN_ENUM_CONVERSION = YES;
				CLANG_WARN_INT_CONVERSION = YES;
				CLANG_WARN_OBJC_ROOT_CLASS = YES_ERROR;
				CLANG_WARN_UNREACHABLE_CODE = YES;
				CLANG_WARN__DUPLICATE_METHOD_MATCH = YES;
				"CODE_SIGN_IDENTITY[sdk=iphoneos*]" = "iPhone Developer";
				COPY_PHASE_STRIP = NO;
				DEBUG_INFORMATION_FORMAT = dwarf;
				ENABLE_STRICT_OBJC_MSGSEND = YES;
				ENABLE_TESTABILITY = YES;
				GCC_C_LANGUAGE_STANDARD = gnu99;
				GCC_DYNAMIC_NO_PIC = NO;
				GCC_NO_COMMON_BLOCKS = YES;
				GCC_OPTIMIZATION_LEVEL = 0;
				GCC_PREPROCESSOR_DEFINITIONS = (
					"DEBUG=1",
					"$(inherited)",
				);
				GCC_WARN_64_TO_32_BIT_CONVERSION = YES;
				GCC_WARN_ABOUT_RETURN_TYPE = YES_ERROR;
				GCC_WARN_UNDECLARED_SELECTOR = YES;
				GCC_WARN_UNINITIALIZED_AUTOS = YES_AGGRESSIVE;
				GCC_WARN_UNUSED_FUNCTION = YES;
				GCC_WARN_UNUSED_VARIABLE = YES;
				IPHONEOS_DEPLOYMENT_TARGET = 9.2;
				MTL_ENABLE_DEBUG_INFO = YES;
				ONLY_ACTIVE_ARCH = YES;
				SDKROOT = iphoneos;
				TARGETED_DEVICE_FAMILY = "1,2";
			};
			name = Debug;
		};
		9C5F0CF71C7D408900C8F59E /* Release */ = {
			isa = XCBuildConfiguration;
			buildSettings = {
				ALWAYS_SEARCH_USER_PATHS = NO;
				CLANG_CXX_LANGUAGE_STANDARD = "gnu++0x";
				CLANG_CXX_LIBRARY = "libc++";
				CLANG_ENABLE_MODULES = YES;
				CLANG_ENABLE_OBJC_ARC = YES;
				CLANG_WARN_BOOL_CONVERSION = YES;
				CLANG_WARN_CONSTANT_CONVERSION = YES;
				CLANG_WARN_DIRECT_OBJC_ISA_USAGE = YES_ERROR;
				CLANG_WARN_EMPTY_BODY = YES;
				CLANG_WARN_ENUM_CONVERSION = YES;
				CLANG_WARN_INT_CONVERSION = YES;
				CLANG_WARN_OBJC_ROOT_CLASS = YES_ERROR;
				CLANG_WARN_UNREACHABLE_CODE = YES;
				CLANG_WARN__DUPLICATE_METHOD_MATCH = YES;
				"CODE_SIGN_IDENTITY[sdk=iphoneos*]" = "iPhone Developer";
				COPY_PHASE_STRIP = NO;
				DEBUG_INFORMATION_FORMAT = "dwarf-with-dsym";
				ENABLE_NS_ASSERTIONS = NO;
				ENABLE_STRICT_OBJC_MSGSEND = YES;
				GCC_C_LANGUAGE_STANDARD = gnu99;
				GCC_NO_COMMON_BLOCKS = YES;
				GCC_WARN_64_TO_32_BIT_CONVERSION = YES;
				GCC_WARN_ABOUT_RETURN_TYPE = YES_ERROR;
				GCC_WARN_UNDECLARED_SELECTOR = YES;
				GCC_WARN_UNINITIALIZED_AUTOS = YES_AGGRESSIVE;
				GCC_WARN_UNUSED_FUNCTION = YES;
				GCC_WARN_UNUSED_VARIABLE = YES;
				IPHONEOS_DEPLOYMENT_TARGET = 9.2;
				MTL_ENABLE_DEBUG_INFO = NO;
				SDKROOT = iphoneos;
				TARGETED_DEVICE_FAMILY = "1,2";
				VALIDATE_PRODUCT = YES;
			};
			name = Release;
		};
		9C5F0CF91C7D408900C8F59E /* Debug */ = {
			isa = XCBuildConfiguration;
			buildSettings = {
				ASSETCATALOG_COMPILER_APPICON_NAME = AppIcon;
				INFOPLIST_FILE = DownloadViewController/Info.plist;
				IPHONEOS_DEPLOYMENT_TARGET = 8.3;
				LD_RUNPATH_SEARCH_PATHS = "$(inherited) @executable_path/Frameworks";
				PRODUCT_BUNDLE_IDENTIFIER = cn.com.crc.DownloadViewController;
				PRODUCT_NAME = "$(TARGET_NAME)";
			};
			name = Debug;
		};
		9C5F0CFA1C7D408900C8F59E /* Release */ = {
			isa = XCBuildConfiguration;
			buildSettings = {
				ASSETCATALOG_COMPILER_APPICON_NAME = AppIcon;
				INFOPLIST_FILE = DownloadViewController/Info.plist;
				IPHONEOS_DEPLOYMENT_TARGET = 8.3;
				LD_RUNPATH_SEARCH_PATHS = "$(inherited) @executable_path/Frameworks";
				PRODUCT_BUNDLE_IDENTIFIER = cn.com.crc.DownloadViewController;
				PRODUCT_NAME = "$(TARGET_NAME)";
			};
			name = Release;
		};
/* End XCBuildConfiguration section */

/* Begin XCConfigurationList section */
		9C5F0CDC1C7D408900C8F59E /* Build configuration list for PBXProject "DownloadViewController" */ = {
			isa = XCConfigurationList;
			buildConfigurations = (
				9C5F0CF61C7D408900C8F59E /* Debug */,
				9C5F0CF71C7D408900C8F59E /* Release */,
			);
			defaultConfigurationIsVisible = 0;
			defaultConfigurationName = Release;
		};
		9C5F0CF81C7D408900C8F59E /* Build configuration list for PBXNativeTarget "DownloadViewController" */ = {
			isa = XCConfigurationList;
			buildConfigurations = (
				9C5F0CF91C7D408900C8F59E /* Debug */,
				9C5F0CFA1C7D408900C8F59E /* Release */,
			);
			defaultConfigurationIsVisible = 0;
			defaultConfigurationName = Release;
		};
/* End XCConfigurationList section */
	};
	rootObject = 9C5F0CD91C7D408900C8F59E /* Project object */;
}
